
Microsoft Visual Studio Solution File, Format Version 12.00
# Visual Studio Version 16
VisualStudioVersion = 16.0.30523.141
MinimumVisualStudioVersion = 10.0.40219.1
Project("{FAE04EC0-301F-11D3-BF4B-00C04F79EFBC}") = "Problem1-31Dec", "Problem1-31Dec\Problem1-31Dec.csproj", "{228B77E2-3E9B-439A-82A6-59E1A80AE5C3}"
EndProject
Global
	GlobalSection(SolutionConfigurationPlatforms) = preSolution
		Debug|Any CPU = Debug|Any CPU
		Release|Any CPU = Release|Any CPU
	EndGlobalSection
	GlobalSection(ProjectConfigurationPlatforms) = postSolution
		{228B77E2-3E9B-439A-82A6-59E1A80AE5C3}.Debug|Any CPU.ActiveCfg = Debug|Any CPU
		{228B77E2-3E9B-439A-82A6-59E1A80AE5C3}.Debug|Any CPU.Build.0 = Debug|Any CPU
		{228B77E2-3E9B-439A-82A6-59E1A80AE5C3}.Release|Any CPU.ActiveCfg = Release|Any CPU
		{228B77E2-3E9B-439A-82A6-59E1A80AE5C3}.Release|Any CPU.Build.0 = Release|Any CPU
	EndGlobalSection
	GlobalSection(SolutionProperties) = preSolution
		HideSolutionNode = FALSE
	EndGlobalSection
	GlobalSection(ExtensibilityGlobals) = postSolution
		SolutionGuid = {F53A8F14-A2BB-4461-BF44-B2EAC6656F18}
	EndGlobalSection
EndGlobal
